
Microsoft Visual Studio Solution File, Format Version 12.00
# Visual Studio Version 17
VisualStudioVersion = 17.0.31919.166
MinimumVisualStudioVersion = 10.0.40219.1
Project("{FAE04EC0-301F-11D3-BF4B-00C04F79EFBC}") = "find-your-language", "find-your-language\find-your-language.csproj", "{CC043F82-D850-4AC4-A247-8AA4C3CD015F}"
EndProject
Global
	GlobalSection(SolutionConfigurationPlatforms) = preSolution
		Debug|Any CPU = Debug|Any CPU
		Release|Any CPU = Release|Any CPU
	EndGlobalSection
	GlobalSection(ProjectConfigurationPlatforms) = postSolution
		{CC043F82-D850-4AC4-A247-8AA4C3CD015F}.Debug|Any CPU.ActiveCfg = Debug|Any CPU
		{CC043F82-D850-4AC4-A247-8AA4C3CD015F}.Debug|Any CPU.Build.0 = Debug|Any CPU
		{CC043F82-D850-4AC4-A247-8AA4C3CD015F}.Release|Any CPU.ActiveCfg = Release|Any CPU
		{CC043F82-D850-4AC4-A247-8AA4C3CD015F}.Release|Any CPU.Build.0 = Release|Any CPU
	EndGlobalSection
	GlobalSection(SolutionProperties) = preSolution
		HideSolutionNode = FALSE
	EndGlobalSection
	GlobalSection(ExtensibilityGlobals) = postSolution
		SolutionGuid = {708B56BE-4E75-4093-AA53-437FE96DBE42}
	EndGlobalSection
EndGlobal
